
Microsoft Visual Studio Solution File, Format Version 12.00
# Visual Studio Version 16
VisualStudioVersion = 16.0.29728.190
MinimumVisualStudioVersion = 10.0.40219.1
Project("{FAE04EC0-301F-11D3-BF4B-00C04F79EFBC}") = "DLCListEditor", "DLCListEditor.csproj", "{2DFD2950-2D32-41C3-95C9-78F1316E8017}"
EndProject
Global
	GlobalSection(SolutionConfigurationPlatforms) = preSolution
		Debug|Any CPU = Debug|Any CPU
		Release|Any CPU = Release|Any CPU
	EndGlobalSection
	GlobalSection(ProjectConfigurationPlatforms) = postSolution
		{2DFD2950-2D32-41C3-95C9-78F1316E8017}.Debug|Any CPU.ActiveCfg = Debug|Any CPU
		{2DFD2950-2D32-41C3-95C9-78F1316E8017}.Debug|Any CPU.Build.0 = Debug|Any CPU
		{2DFD2950-2D32-41C3-95C9-78F1316E8017}.Release|Any CPU.ActiveCfg = Release|Any CPU
		{2DFD2950-2D32-41C3-95C9-78F1316E8017}.Release|Any CPU.Build.0 = Release|Any CPU
	EndGlobalSection
	GlobalSection(SolutionProperties) = preSolution
		HideSolutionNode = FALSE
	EndGlobalSection
	GlobalSection(ExtensibilityGlobals) = postSolution
		SolutionGuid = {407F64E0-1D53-43D3-AF7F-ACED73FB2511}
	EndGlobalSection
EndGlobal
